<?xml version="1.0" encoding="utf-8"?>
<Project ToolsVersion="4.0" xmlns="http://schemas.microsoft.com/developer/msbuild/2003">
  <ItemGroup>
    <Filter Include="Source Files">
      <UniqueIdentifier>{4FC737F1-C7A5-4376-A066-2A32D752A2FF}</UniqueIdentifier>
      <Extensions>cpp;c;cc;cxx;def;odl;idl;hpj;bat;asm;asmx</Extensions>
    </Filter>
    <Filter Include="Source Files\Linkage">
      <UniqueIdentifier>{a1293ebe-f95c-4266-9260-d8b9f01c8a47}</UniqueIdentifier>
    </Filter>
    <Filter Include="Source Files\Linkage\ExternalLinakge">
      <UniqueIdentifier>{134cf616-82a1-4ac5-a775-a7609d2de39e}</UniqueIdentifier>
    </Filter>
    <Filter Include="Source Files\Linkage\InternalLinkage">
      <UniqueIdentifier>{a8b70430-574e-4675-843a-a09b4b5d1f49}</UniqueIdentifier>
    </Filter>
    <Filter Include="Source Files\Linkage\NoLinkage">
      <UniqueIdentifier>{bac39cc3-9ae6-4d05-87a0-856cfe0461a0}</UniqueIdentifier>
    </Filter>
  </ItemGroup>
  <ItemGroup>
    <ClCompile Include="NoLinkage.c">
      <Filter>Source Files\Linkage\NoLinkage</Filter>
    </ClCompile>
    <ClCompile Include="BankAccount.c">
      <Filter>Source Files\Linkage\ExternalLinakge</Filter>
    </ClCompile>
    <ClCompile Include="GooglePay.c">
      <Filter>Source Files\Linkage\ExternalLinakge</Filter>
    </ClCompile>
    <ClCompile Include="MonthlySalary.c">
      <Filter>Source Files\Linkage\InternalLinkage</Filter>
    </ClCompile>
    <ClCompile Include="SoftwareCompany.c">
      <Filter>Source Files\Linkage\InternalLinkage</Filter>
    </ClCompile>
    <ClCompile Include="Bank.c">
      <Filter>Source Files\Linkage\InternalLinkage</Filter>
    </ClCompile>
    <ClCompile Include="DebitCard.c">
      <Filter>Source Files\Linkage\ExternalLinakge</Filter>
    </ClCompile>
    <ClCompile Include="Payment.c">
      <Filter>Source Files\Linkage\ExternalLinakge</Filter>
    </ClCompile>
  </ItemGroup>
</Project>